
Microsoft Visual Studio Solution File, Format Version 12.00
# Visual Studio Version 17
VisualStudioVersion = 17.14.36429.23
MinimumVisualStudioVersion = 10.0.40219.1
Project("{FAE04EC0-301F-11D3-BF4B-00C04F79EFBC}") = "SchoolManagementSystem.API", "SchoolManagementSystem.API.csproj", "{58D86F52-A732-4806-B6F1-B663267EFC3E}"
EndProject
Project("{FAE04EC0-301F-11D3-BF4B-00C04F79EFBC}") = "SchoolManagementSystem.Core", "..\SchoolManagementSystem.Core\SchoolManagementSystem.Core.csproj", "{992EDD52-54EC-43C5-AD76-06F0EFBC2E3D}"
EndProject
Project("{FAE04EC0-301F-11D3-BF4B-00C04F79EFBC}") = "SchoolManagementSystem.Application", "..\SchoolManagementSystem.Application\SchoolManagementSystem.Application.csproj", "{E099C13D-3758-4F6C-A3E2-2CDCE6397D65}"
EndProject
Project("{FAE04EC0-301F-11D3-BF4B-00C04F79EFBC}") = "SchoolManagementSystem.Infrastructure", "..\SchoolManagementSystem.Infrastructure\SchoolManagementSystem.Infrastructure.csproj", "{6A4214C1-565D-4484-8713-C59348241E12}"
EndProject
Project("{FAE04EC0-301F-11D3-BF4B-00C04F79EFBC}") = "SchoolManagementSystem.Tests", "..\SchoolManagementSystem.Tests\SchoolManagementSystem.Tests.csproj", "{C66F3FFA-C93E-487C-9126-25AF939AF228}"
EndProject
Global
	GlobalSection(SolutionConfigurationPlatforms) = preSolution
		Debug|Any CPU = Debug|Any CPU
		Release|Any CPU = Release|Any CPU
	EndGlobalSection
	GlobalSection(ProjectConfigurationPlatforms) = postSolution
		{58D86F52-A732-4806-B6F1-B663267EFC3E}.Debug|Any CPU.ActiveCfg = Debug|Any CPU
		{58D86F52-A732-4806-B6F1-B663267EFC3E}.Debug|Any CPU.Build.0 = Debug|Any CPU
		{58D86F52-A732-4806-B6F1-B663267EFC3E}.Release|Any CPU.ActiveCfg = Release|Any CPU
		{58D86F52-A732-4806-B6F1-B663267EFC3E}.Release|Any CPU.Build.0 = Release|Any CPU
		{992EDD52-54EC-43C5-AD76-06F0EFBC2E3D}.Debug|Any CPU.ActiveCfg = Debug|Any CPU
		{992EDD52-54EC-43C5-AD76-06F0EFBC2E3D}.Debug|Any CPU.Build.0 = Debug|Any CPU
		{992EDD52-54EC-43C5-AD76-06F0EFBC2E3D}.Release|Any CPU.ActiveCfg = Release|Any CPU
		{992EDD52-54EC-43C5-AD76-06F0EFBC2E3D}.Release|Any CPU.Build.0 = Release|Any CPU
		{E099C13D-3758-4F6C-A3E2-2CDCE6397D65}.Debug|Any CPU.ActiveCfg = Debug|Any CPU
		{E099C13D-3758-4F6C-A3E2-2CDCE6397D65}.Debug|Any CPU.Build.0 = Debug|Any CPU
		{E099C13D-3758-4F6C-A3E2-2CDCE6397D65}.Release|Any CPU.ActiveCfg = Release|Any CPU
		{E099C13D-3758-4F6C-A3E2-2CDCE6397D65}.Release|Any CPU.Build.0 = Release|Any CPU
		{6A4214C1-565D-4484-8713-C59348241E12}.Debug|Any CPU.ActiveCfg = Debug|Any CPU
		{6A4214C1-565D-4484-8713-C59348241E12}.Debug|Any CPU.Build.0 = Debug|Any CPU
		{6A4214C1-565D-4484-8713-C59348241E12}.Release|Any CPU.ActiveCfg = Release|Any CPU
		{6A4214C1-565D-4484-8713-C59348241E12}.Release|Any CPU.Build.0 = Release|Any CPU
		{C66F3FFA-C93E-487C-9126-25AF939AF228}.Debug|Any CPU.ActiveCfg = Debug|Any CPU
		{C66F3FFA-C93E-487C-9126-25AF939AF228}.Debug|Any CPU.Build.0 = Debug|Any CPU
		{C66F3FFA-C93E-487C-9126-25AF939AF228}.Release|Any CPU.ActiveCfg = Release|Any CPU
		{C66F3FFA-C93E-487C-9126-25AF939AF228}.Release|Any CPU.Build.0 = Release|Any CPU
	EndGlobalSection
	GlobalSection(SolutionProperties) = preSolution
		HideSolutionNode = FALSE
	EndGlobalSection
	GlobalSection(ExtensibilityGlobals) = postSolution
		SolutionGuid = {B6A8BB26-E774-4C95-A844-488E48428ABD}
	EndGlobalSection
EndGlobal
